
Microsoft Visual Studio Solution File, Format Version 12.00
# Visual Studio Version 16
VisualStudioVersion = 16.0.30309.148
MinimumVisualStudioVersion = 10.0.40219.1
Project("{FAE04EC0-301F-11D3-BF4B-00C04F79EFBC}") = "CamOnMacroscop", "CamOnMacroscop\CamOnMacroscop.csproj", "{5ED2E4D1-FD5E-49B2-946F-EEFDB0FF0827}"
EndProject
Global
	GlobalSection(SolutionConfigurationPlatforms) = preSolution
		Debug|Any CPU = Debug|Any CPU
		Release|Any CPU = Release|Any CPU
	EndGlobalSection
	GlobalSection(ProjectConfigurationPlatforms) = postSolution
		{5ED2E4D1-FD5E-49B2-946F-EEFDB0FF0827}.Debug|Any CPU.ActiveCfg = Debug|Any CPU
		{5ED2E4D1-FD5E-49B2-946F-EEFDB0FF0827}.Debug|Any CPU.Build.0 = Debug|Any CPU
		{5ED2E4D1-FD5E-49B2-946F-EEFDB0FF0827}.Release|Any CPU.ActiveCfg = Release|Any CPU
		{5ED2E4D1-FD5E-49B2-946F-EEFDB0FF0827}.Release|Any CPU.Build.0 = Release|Any CPU
	EndGlobalSection
	GlobalSection(SolutionProperties) = preSolution
		HideSolutionNode = FALSE
	EndGlobalSection
	GlobalSection(ExtensibilityGlobals) = postSolution
		SolutionGuid = {945D4EB0-3EBD-4A98-96E5-0BCE80C67F64}
	EndGlobalSection
EndGlobal
